
Microsoft Visual Studio Solution File, Format Version 12.00
# Visual Studio 2012
Project("{FAE04EC0-301F-11D3-BF4B-00C04F79EFBC}") = "ListViewExample", "ListViewExample\ListViewExample.csproj", "{420F6CE3-303C-4844-9B8B-5100D6ABC29C}"
EndProject
Global
	GlobalSection(SolutionConfigurationPlatforms) = preSolution
		Debug|iPhoneSimulator = Debug|iPhoneSimulator
		Release|iPhoneSimulator = Release|iPhoneSimulator
		Debug|iPhone = Debug|iPhone
		Release|iPhone = Release|iPhone
		Ad-Hoc|iPhone = Ad-Hoc|iPhone
		AppStore|iPhone = AppStore|iPhone
	EndGlobalSection
	GlobalSection(ProjectConfigurationPlatforms) = postSolution
		{420F6CE3-303C-4844-9B8B-5100D6ABC29C}.Ad-Hoc|iPhone.ActiveCfg = Ad-Hoc|iPhone
		{420F6CE3-303C-4844-9B8B-5100D6ABC29C}.Ad-Hoc|iPhone.Build.0 = Ad-Hoc|iPhone
		{420F6CE3-303C-4844-9B8B-5100D6ABC29C}.AppStore|iPhone.ActiveCfg = AppStore|iPhone
		{420F6CE3-303C-4844-9B8B-5100D6ABC29C}.AppStore|iPhone.Build.0 = AppStore|iPhone
		{420F6CE3-303C-4844-9B8B-5100D6ABC29C}.Debug|iPhone.ActiveCfg = Debug|iPhone
		{420F6CE3-303C-4844-9B8B-5100D6ABC29C}.Debug|iPhone.Build.0 = Debug|iPhone
		{420F6CE3-303C-4844-9B8B-5100D6ABC29C}.Debug|iPhoneSimulator.ActiveCfg = Debug|iPhoneSimulator
		{420F6CE3-303C-4844-9B8B-5100D6ABC29C}.Debug|iPhoneSimulator.Build.0 = Debug|iPhoneSimulator
		{420F6CE3-303C-4844-9B8B-5100D6ABC29C}.Release|iPhone.ActiveCfg = Release|iPhone
		{420F6CE3-303C-4844-9B8B-5100D6ABC29C}.Release|iPhone.Build.0 = Release|iPhone
		{420F6CE3-303C-4844-9B8B-5100D6ABC29C}.Release|iPhoneSimulator.ActiveCfg = Release|iPhoneSimulator
		{420F6CE3-303C-4844-9B8B-5100D6ABC29C}.Release|iPhoneSimulator.Build.0 = Release|iPhoneSimulator
	EndGlobalSection
	GlobalSection(MonoDevelopProperties) = preSolution
		StartupItem = ListViewExample\ListViewExample.csproj
	EndGlobalSection
EndGlobal
